version = 1
revision = 3
requires-python = ">=3.12"

[[package]]
name = "click"
version = "8.2.1"
source = { registry = "https://pypi.org/simple" }
dependencies = [
    { name = "colorama", marker = "sys_platform == 'win32'" },
]
sdist = { url = "https://files.pythonhosted.org/packages/60/6c/8ca2efa64cf75a977a0d7fac081354553ebe483345c734fb6b6515d96bbc/click-8.2.1.tar.gz", hash = "sha256:27c491cc05d968d271d5a1db13e3b5a184636d9d930f148c50b038f0d0646202", size = 286342, upload-time = "2025-05-20T23:19:49.832Z" }
wheels = [
    { url = "https://files.pythonhosted.org/packages/85/32/10bb5764d90a8eee674e9dc6f4db6a0ab47c8c4d0d83c27f7c39ac415a4d/click-8.2.1-py3-none-any.whl", hash = "sha256:61a3265b914e850b85317d0b3109c7f8cd35a670f963866005d6ef1d5175a12b", size = 102215, upload-time = "2025-05-20T23:19:47.796Z" },
]

[[package]]
name = "colorama"
version = "0.4.6"
source = { registry = "https://pypi.org/simple" }
sdist = { url = "https://files.pythonhosted.org/packages/d8/53/6f443c9a4a8358a93a6792e2acffb9d9d5cb0a5cfd8802644b7b1c9a02e4/colorama-0.4.6.tar.gz", hash = "sha256:08695f5cb7ed6e0531a20572697297273c47b8cae5a63ffc6d6ed5c201be6e44", size = 27697, upload-time = "2022-10-25T02:36:22.414Z" }
wheels = [
    { url = "https://files.pythonhosted.org/packages/d1/d6/3965ed04c63042e047cb6a3e6ed1a63a35087b6a609aa3a15ed8ac56c221/colorama-0.4.6-py2.py3-none-any.whl", hash = "sha256:4f1d9991f5acc0ca119f9d443620b77f9d6b33703e51011c16baf57afb285fc6", size = 25335, upload-time = "2022-10-25T02:36:20.889Z" },
]

[[package]]
name = "diskcache"
version = "5.6.3"
source = { registry = "https://pypi.org/simple" }
sdist = { url = "https://files.pythonhosted.org/packages/3f/21/1c1ffc1a039ddcc459db43cc108658f32c57d271d7289a2794e401d0fdb6/diskcache-5.6.3.tar.gz", hash = "sha256:2c3a3fa2743d8535d832ec61c2054a1641f41775aa7c556758a109941e33e4fc", size = 67916, upload-time = "2023-08-31T06:12:00.316Z" }
wheels = [
    { url = "https://files.pythonhosted.org/packages/3f/27/4570e78fc0bf5ea0ca45eb1de3818a23787af9b390c0b0a0033a1b8236f9/diskcache-5.6.3-py3-none-any.whl", hash = "sha256:5e31b2d5fbad117cc363ebaf6b689474db18a1f6438bc82358b024abd4c2ca19", size = 45550, upload-time = "2023-08-31T06:11:58.822Z" },
]

[[package]]
name = "hictkpy"
version = "1.3.0"
source = { registry = "https://pypi.org/simple" }
sdist = { url = "https://files.pythonhosted.org/packages/16/91/e99e9c585b74e1eb09c83274e215a1cc75b4fc2927b5c4791d90273d927c/hictkpy-1.3.0.tar.gz", hash = "sha256:e2fc78285c833d8f6f96c06f5692748797c3e83b184b51387f03aedd058eeafb", size = 7066714, upload-time = "2025-05-25T18:24:55.085Z" }
wheels = [
    { url = "https://files.pythonhosted.org/packages/67/af/d3a8f0b360b5a04bc51e10bc2dd863b66e8ea8847e1e410e65ebf0b1827a/hictkpy-1.3.0-cp312-cp312-macosx_10_15_x86_64.whl", hash = "sha256:c4b0bc34894093b728336c0e454bc72a23af41ebff939bad69f0bec0f9bcce7e", size = 9464979, upload-time = "2025-05-25T18:24:21.892Z" },
    { url = "https://files.pythonhosted.org/packages/63/7f/ddc1905e0a973b18fd4d6b140cc57ee550c8bb1bcf55aa387534dbb87555/hictkpy-1.3.0-cp312-cp312-macosx_11_0_arm64.whl", hash = "sha256:1baec9dadd57dd0d9b8275b23d84db1209de6a8b89e6ed8fa5d7f91b7ddd4f86", size = 8374809, upload-time = "2025-05-25T18:24:24.295Z" },
    { url = "https://files.pythonhosted.org/packages/88/1f/729dede5d15dd8da72f1bb92e3b4d2e212be755c08bfe97e0a409ce358f5/hictkpy-1.3.0-cp312-cp312-manylinux_2_28_aarch64.whl", hash = "sha256:fa178994d6f2679d5db74e49277a123ca56be03dc7584a02d3695f42f9738a92", size = 9688857, upload-time = "2025-05-25T18:24:25.989Z" },
    { url = "https://files.pythonhosted.org/packages/67/bd/d83e760c8339ca08772a36c4b07e9b64513c4efa54283cce1a07a3b6727b/hictkpy-1.3.0-cp312-cp312-manylinux_2_28_x86_64.whl", hash = "sha256:1f7f4bb42038d31fe85a7d376c2dc0f912fed110c2acd1656e7878ee614bf93c", size = 10866928, upload-time = "2025-05-25T18:24:28.016Z" },
    { url = "https://files.pythonhosted.org/packages/e9/81/8ef20326dd95d8ee6ac9d3aad6059c0cbcd602e456d35e75d25e35fb629a/hictkpy-1.3.0-cp312-cp312-win_amd64.whl", hash = "sha256:d51b8814ae625aafc62ea35cc6a75111a36cf7fa6622f505a71c61945de157b2", size = 5959727, upload-time = "2025-05-25T18:24:30.556Z" },
    { url = "https://files.pythonhosted.org/packages/10/2a/8fad14b1c6cbb6f37a1ab5fa99fddba30f5441ac3e63d9a81b08287cfd29/hictkpy-1.3.0-cp313-cp313-macosx_10_15_x86_64.whl", hash = "sha256:db5b377efdfc57e0e664ea6482738a5f772a40c587e7ede84fd0bbe4d52b3ad4", size = 9464780, upload-time = "2025-05-25T18:24:32.815Z" },
    { url = "https://files.pythonhosted.org/packages/b3/81/398b77214d4bfeb9682ec35b129ba8fc355eb043a74671287952c29a3a88/hictkpy-1.3.0-cp313-cp313-macosx_11_0_arm64.whl", hash = "sha256:6568b36344e5700addd98fc0fa7f470e154aa7b1f67caa3cf2a1a391204e1050", size = 8374873, upload-time = "2025-05-25T18:24:35.317Z" },
    { url = "https://files.pythonhosted.org/packages/bc/74/74f86e80641e332b3a79999e1c87ff4de3ba475705ca8ef5330453230805/hictkpy-1.3.0-cp313-cp313-manylinux_2_28_aarch64.whl", hash = "sha256:4c389846f59e6dec078fb2b0bff0a354c12e9b70d90167a2321399b5d763fa47", size = 9689096, upload-time = "2025-05-25T18:24:37.508Z" },
    { url = "https://files.pythonhosted.org/packages/69/4c/1f32de37016eed4fc6ac15551d4b0c170b317143486cc78190ef6250353d/hictkpy-1.3.0-cp313-cp313-manylinux_2_28_x86_64.whl", hash = "sha256:7ca98f90f92bb51e1eba888fb15f08cab2d103735933789e827b1370699b402b", size = 10866683, upload-time = "2025-05-25T18:24:39.414Z" },
    { url = "https://files.pythonhosted.org/packages/54/e2/d7e2f2b52ab211ee7c0c92d0cf56ef161f110e0a10f75ba84f92d1114f1b/hictkpy-1.3.0-cp313-cp313-win_amd64.whl", hash = "sha256:662d1f122cfd414c08fd407723bb9876c5edc796b0bcc7655efadd22efcf6b97", size = 5959634, upload-time = "2025-05-25T18:24:41.942Z" },
]

[[package]]
name = "locus"
version = "0.1.0"
source = { virtual = "." }
dependencies = [
    { name = "click" },
    { name = "diskcache" },
    { name = "hictkpy" },
]

[package.metadata]
requires-dist = [
    { name = "click", specifier = ">=8.2.1" },
    { name = "diskcache", specifier = ">=5.6.3" },
    { name = "hictkpy", specifier = ">=1.3.0" },
]
